
Microsoft Visual Studio Solution File, Format Version 12.00
# Visual Studio Version 17
VisualStudioVersion = 17.14.36915.13
MinimumVisualStudioVersion = 10.0.40219.1
Project("{FAE04EC0-301F-11D3-BF4B-00C04F79EFBC}") = "PortalAcademico", "PortalAcademico\PortalAcademico.csproj", "{F7B1DC55-FC00-49EA-94C2-A47D266F3E22}"
EndProject
Project("{FAE04EC0-301F-11D3-BF4B-00C04F79EFBC}") = "PortalAcademico.Tests", "PortalAcademico.Tests\PortalAcademico.Tests.csproj", "{2ADD4ACB-597A-496B-8405-E100C325DE37}"
EndProject
Global
	GlobalSection(SolutionConfigurationPlatforms) = preSolution
		Debug|Any CPU = Debug|Any CPU
		Release|Any CPU = Release|Any CPU
	EndGlobalSection
	GlobalSection(ProjectConfigurationPlatforms) = postSolution
		{F7B1DC55-FC00-49EA-94C2-A47D266F3E22}.Debug|Any CPU.ActiveCfg = Debug|Any CPU
		{F7B1DC55-FC00-49EA-94C2-A47D266F3E22}.Debug|Any CPU.Build.0 = Debug|Any CPU
		{F7B1DC55-FC00-49EA-94C2-A47D266F3E22}.Release|Any CPU.ActiveCfg = Release|Any CPU
		{F7B1DC55-FC00-49EA-94C2-A47D266F3E22}.Release|Any CPU.Build.0 = Release|Any CPU
		{2ADD4ACB-597A-496B-8405-E100C325DE37}.Debug|Any CPU.ActiveCfg = Debug|Any CPU
		{2ADD4ACB-597A-496B-8405-E100C325DE37}.Debug|Any CPU.Build.0 = Debug|Any CPU
		{2ADD4ACB-597A-496B-8405-E100C325DE37}.Release|Any CPU.ActiveCfg = Release|Any CPU
		{2ADD4ACB-597A-496B-8405-E100C325DE37}.Release|Any CPU.Build.0 = Release|Any CPU
	EndGlobalSection
	GlobalSection(SolutionProperties) = preSolution
		HideSolutionNode = FALSE
	EndGlobalSection
	GlobalSection(ExtensibilityGlobals) = postSolution
		SolutionGuid = {D9AFFDD5-F1F4-49D1-BF72-CE0311974B7E}
	EndGlobalSection
EndGlobal
